
Microsoft Visual Studio Solution File, Format Version 12.00
# Visual Studio Version 17
VisualStudioVersion = 17.13.35818.85 d17.13
MinimumVisualStudioVersion = 10.0.40219.1
Project("{FAE04EC0-301F-11D3-BF4B-00C04F79EFBC}") = "plantool", "plantool.csproj", "{176B455E-2AE9-41B8-914A-BE1A8DC3114F}"
EndProject
Global
	GlobalSection(SolutionConfigurationPlatforms) = preSolution
		Debug|Any CPU = Debug|Any CPU
		Release|Any CPU = Release|Any CPU
	EndGlobalSection
	GlobalSection(ProjectConfigurationPlatforms) = postSolution
		{176B455E-2AE9-41B8-914A-BE1A8DC3114F}.Debug|Any CPU.ActiveCfg = Debug|Any CPU
		{176B455E-2AE9-41B8-914A-BE1A8DC3114F}.Debug|Any CPU.Build.0 = Debug|Any CPU
		{176B455E-2AE9-41B8-914A-BE1A8DC3114F}.Release|Any CPU.ActiveCfg = Release|Any CPU
		{176B455E-2AE9-41B8-914A-BE1A8DC3114F}.Release|Any CPU.Build.0 = Release|Any CPU
	EndGlobalSection
	GlobalSection(SolutionProperties) = preSolution
		HideSolutionNode = FALSE
	EndGlobalSection
	GlobalSection(ExtensibilityGlobals) = postSolution
		SolutionGuid = {39CA6275-1644-45B8-B35E-BB905C7307C7}
	EndGlobalSection
EndGlobal
